
Microsoft Visual Studio Solution File, Format Version 12.00
# Visual Studio Version 17
VisualStudioVersion = 17.9.34728.123
MinimumVisualStudioVersion = 10.0.40219.1
Project("{9A19103F-16F7-4668-BE54-9A1E7A4F7556}") = "EjemploAPI01", "EjemploAPI01\EjemploAPI01.csproj", "{030EB499-F381-4E7A-8432-3C40179C5A5B}"
EndProject
Project("{9A19103F-16F7-4668-BE54-9A1E7A4F7556}") = "WinFormsApp", "WinFormsApp\WinFormsApp.csproj", "{6B2DD393-6442-4243-BDBB-D5B5619E0B21}"
EndProject
Project("{FAE04EC0-301F-11D3-BF4B-00C04F79EFBC}") = "EjemploAPI02", "EjemploAPI02\EjemploAPI02.csproj", "{FD1E1F21-31EC-43F0-A1DC-0115FC84B287}"
EndProject
Project("{FAE04EC0-301F-11D3-BF4B-00C04F79EFBC}") = "School_API", "School_API\School_API.csproj", "{723C30F0-3F2E-488A-9A08-DFB5C3470F0D}"
EndProject
Project("{FAE04EC0-301F-11D3-BF4B-00C04F79EFBC}") = "SharedModels", "SharedModels\SharedModels.csproj", "{ABAD508B-7F72-43D2-8795-BCCAC850D0F5}"
EndProject
Global
	GlobalSection(SolutionConfigurationPlatforms) = preSolution
		Debug|Any CPU = Debug|Any CPU
		Release|Any CPU = Release|Any CPU
	EndGlobalSection
	GlobalSection(ProjectConfigurationPlatforms) = postSolution
		{030EB499-F381-4E7A-8432-3C40179C5A5B}.Debug|Any CPU.ActiveCfg = Debug|Any CPU
		{030EB499-F381-4E7A-8432-3C40179C5A5B}.Debug|Any CPU.Build.0 = Debug|Any CPU
		{030EB499-F381-4E7A-8432-3C40179C5A5B}.Release|Any CPU.ActiveCfg = Release|Any CPU
		{030EB499-F381-4E7A-8432-3C40179C5A5B}.Release|Any CPU.Build.0 = Release|Any CPU
		{6B2DD393-6442-4243-BDBB-D5B5619E0B21}.Debug|Any CPU.ActiveCfg = Debug|Any CPU
		{6B2DD393-6442-4243-BDBB-D5B5619E0B21}.Debug|Any CPU.Build.0 = Debug|Any CPU
		{6B2DD393-6442-4243-BDBB-D5B5619E0B21}.Release|Any CPU.ActiveCfg = Release|Any CPU
		{6B2DD393-6442-4243-BDBB-D5B5619E0B21}.Release|Any CPU.Build.0 = Release|Any CPU
		{FD1E1F21-31EC-43F0-A1DC-0115FC84B287}.Debug|Any CPU.ActiveCfg = Debug|Any CPU
		{FD1E1F21-31EC-43F0-A1DC-0115FC84B287}.Debug|Any CPU.Build.0 = Debug|Any CPU
		{FD1E1F21-31EC-43F0-A1DC-0115FC84B287}.Release|Any CPU.ActiveCfg = Release|Any CPU
		{FD1E1F21-31EC-43F0-A1DC-0115FC84B287}.Release|Any CPU.Build.0 = Release|Any CPU
		{723C30F0-3F2E-488A-9A08-DFB5C3470F0D}.Debug|Any CPU.ActiveCfg = Debug|Any CPU
		{723C30F0-3F2E-488A-9A08-DFB5C3470F0D}.Debug|Any CPU.Build.0 = Debug|Any CPU
		{723C30F0-3F2E-488A-9A08-DFB5C3470F0D}.Release|Any CPU.ActiveCfg = Release|Any CPU
		{723C30F0-3F2E-488A-9A08-DFB5C3470F0D}.Release|Any CPU.Build.0 = Release|Any CPU
		{ABAD508B-7F72-43D2-8795-BCCAC850D0F5}.Debug|Any CPU.ActiveCfg = Debug|Any CPU
		{ABAD508B-7F72-43D2-8795-BCCAC850D0F5}.Debug|Any CPU.Build.0 = Debug|Any CPU
		{ABAD508B-7F72-43D2-8795-BCCAC850D0F5}.Release|Any CPU.ActiveCfg = Release|Any CPU
		{ABAD508B-7F72-43D2-8795-BCCAC850D0F5}.Release|Any CPU.Build.0 = Release|Any CPU
	EndGlobalSection
	GlobalSection(SolutionProperties) = preSolution
		HideSolutionNode = FALSE
	EndGlobalSection
	GlobalSection(ExtensibilityGlobals) = postSolution
		SolutionGuid = {6459075F-0E5B-42BC-B6D4-E078132CAAB1}
	EndGlobalSection
EndGlobal
